// !$*UTF8*$!
{
	archiveVersion = 1;
	classes = {
	};
	objectVersion = 50;
	objects = {

/* Begin PBXBuildFile section */
		51A25FD82440931D008DD31C /* LiveEB_IOS.h in Headers */ = {isa = PBXBuildFile; fileRef = 51A25FD62440931D008DD31C /* LiveEB_IOS.h */; settings = {ATTRIBUTES = (Public, ); }; };
		51A260192440937D008DD31C /* LiveEBVideoView.m in Sources */ = {isa = PBXBuildFile; fileRef = 51A25FDF2440937D008DD31C /* LiveEBVideoView.m */; };
		51A2601A2440937D008DD31C /* LiveEBManager.h in Headers */ = {isa = PBXBuildFile; fileRef = 51A25FE02440937D008DD31C /* LiveEBManager.h */; settings = {ATTRIBUTES = (Public, ); }; };
		51A2601B2440937D008DD31C /* LiveEBVideoView.h in Headers */ = {isa = PBXBuildFile; fileRef = 51A25FE12440937D008DD31C /* LiveEBVideoView.h */; settings = {ATTRIBUTES = (Public, ); }; };
		51A2601C2440937D008DD31C /* LiveEBManager.m in Sources */ = {isa = PBXBuildFile; fileRef = 51A25FE22440937D008DD31C /* LiveEBManager.m */; };
		51A2601D2440937D008DD31C /* LiveEBAudioPlayer.m in Sources */ = {isa = PBXBuildFile; fileRef = 51A25FE42440937D008DD31C /* LiveEBAudioPlayer.m */; };
		51A2601E2440937D008DD31C /* ARDJoinResponse.h in Headers */ = {isa = PBXBuildFile; fileRef = 51A25FE52440937D008DD31C /* ARDJoinResponse.h */; };
		51A2601F2440937D008DD31C /* ARDMessageResponse+Internal.h in Headers */ = {isa = PBXBuildFile; fileRef = 51A25FE62440937D008DD31C /* ARDMessageResponse+Internal.h */; };
		51A260202440937D008DD31C /* ARDRoomServerClient.h in Headers */ = {isa = PBXBuildFile; fileRef = 51A25FE72440937D008DD31C /* ARDRoomServerClient.h */; };
		51A260212440937D008DD31C /* ARDSettingsModel.h in Headers */ = {isa = PBXBuildFile; fileRef = 51A25FE82440937D008DD31C /* ARDSettingsModel.h */; };
		51A260222440937D008DD31C /* ARDWebSocketChannel.h in Headers */ = {isa = PBXBuildFile; fileRef = 51A25FE92440937D008DD31C /* ARDWebSocketChannel.h */; };
		51A260232440937D008DD31C /* ARDTURNClient.h in Headers */ = {isa = PBXBuildFile; fileRef = 51A25FEA2440937D008DD31C /* ARDTURNClient.h */; };
		51A260242440937D008DD31C /* ARDCaptureController.m in Sources */ = {isa = PBXBuildFile; fileRef = 51A25FEB2440937D008DD31C /* ARDCaptureController.m */; };
		51A260252440937D008DD31C /* RTCSessionDescription+JSON.h in Headers */ = {isa = PBXBuildFile; fileRef = 51A25FEC2440937D008DD31C /* RTCSessionDescription+JSON.h */; };
		51A260262440937D008DD31C /* ARDSignalingMessage.m in Sources */ = {isa = PBXBuildFile; fileRef = 51A25FED2440937D008DD31C /* ARDSignalingMessage.m */; };
		51A260272440937D008DD31C /* ARDMessageResponse.h in Headers */ = {isa = PBXBuildFile; fileRef = 51A25FEE2440937D008DD31C /* ARDMessageResponse.h */; };
		51A260282440937D008DD31C /* ARDStatsBuilder.h in Headers */ = {isa = PBXBuildFile; fileRef = 51A25FEF2440937D008DD31C /* ARDStatsBuilder.h */; };
		51A260292440937D008DD31C /* RTCVideoCodecInfo+HumanReadable.h in Headers */ = {isa = PBXBuildFile; fileRef = 51A25FF02440937D008DD31C /* RTCVideoCodecInfo+HumanReadable.h */; };
		51A2602A2440937D008DD31C /* ARDBitrateTracker.h in Headers */ = {isa = PBXBuildFile; fileRef = 51A25FF12440937D008DD31C /* ARDBitrateTracker.h */; };
		51A2602B2440937D008DD31C /* ARDSettingsStore.h in Headers */ = {isa = PBXBuildFile; fileRef = 51A25FF22440937D008DD31C /* ARDSettingsStore.h */; };
		51A2602C2440937D008DD31C /* ARDAppEngineClient.m in Sources */ = {isa = PBXBuildFile; fileRef = 51A25FF32440937D008DD31C /* ARDAppEngineClient.m */; };
		51A2602D2440937D008DD31C /* ARDAppClient.h in Headers */ = {isa = PBXBuildFile; fileRef = 51A25FF42440937D008DD31C /* ARDAppClient.h */; };
		51A2602E2440937D008DD31C /* RTCIceServer+JSON.m in Sources */ = {isa = PBXBuildFile; fileRef = 51A25FF52440937D008DD31C /* RTCIceServer+JSON.m */; };
		51A2602F2440937D008DD31C /* CCCCTest.hpp in Headers */ = {isa = PBXBuildFile; fileRef = 51A25FF62440937D008DD31C /* CCCCTest.hpp */; };
		51A260302440937D008DD31C /* ARDExternalSampleCapturer.h in Headers */ = {isa = PBXBuildFile; fileRef = 51A25FF72440937D008DD31C /* ARDExternalSampleCapturer.h */; };
		51A260312440937D008DD31C /* RTCIceCandidate+JSON.h in Headers */ = {isa = PBXBuildFile; fileRef = 51A25FF82440937D008DD31C /* RTCIceCandidate+JSON.h */; };
		51A260322440937D008DD31C /* ARDSettingsModel+Private.h in Headers */ = {isa = PBXBuildFile; fileRef = 51A25FF92440937D008DD31C /* ARDSettingsModel+Private.h */; };
		51A260332440937D008DD31C /* ARDUtilities.m in Sources */ = {isa = PBXBuildFile; fileRef = 51A25FFB2440937D008DD31C /* ARDUtilities.m */; };
		51A260342440937D008DD31C /* ARDUtilities.h in Headers */ = {isa = PBXBuildFile; fileRef = 51A25FFC2440937D008DD31C /* ARDUtilities.h */; };
		51A260352440937D008DD31C /* ARDJoinResponse.m in Sources */ = {isa = PBXBuildFile; fileRef = 51A25FFD2440937D008DD31C /* ARDJoinResponse.m */; };
		51A260362440937D008DD31C /* LiveEBAudioPlayer.h in Headers */ = {isa = PBXBuildFile; fileRef = 51A25FFE2440937D008DD31C /* LiveEBAudioPlayer.h */; };
		51A260372440937D008DD31C /* ARDJoinResponse+Internal.h in Headers */ = {isa = PBXBuildFile; fileRef = 51A25FFF2440937D008DD31C /* ARDJoinResponse+Internal.h */; };
		51A260382440937D008DD31C /* ARDCaptureController.h in Headers */ = {isa = PBXBuildFile; fileRef = 51A260002440937D008DD31C /* ARDCaptureController.h */; };
		51A260392440937D008DD31C /* ARDTURNClient.m in Sources */ = {isa = PBXBuildFile; fileRef = 51A260012440937D008DD31C /* ARDTURNClient.m */; };
		51A2603A2440937D008DD31C /* ARDSignalingChannel.h in Headers */ = {isa = PBXBuildFile; fileRef = 51A260022440937D008DD31C /* ARDSignalingChannel.h */; };
		51A2603B2440937D008DD31C /* ARDWebSocketChannel.m in Sources */ = {isa = PBXBuildFile; fileRef = 51A260032440937D008DD31C /* ARDWebSocketChannel.m */; };
		51A2603C2440937D008DD31C /* ARDTURNClient+Internal.h in Headers */ = {isa = PBXBuildFile; fileRef = 51A260042440937D008DD31C /* ARDTURNClient+Internal.h */; };
		51A2603D2440937D008DD31C /* ARDSettingsModel.m in Sources */ = {isa = PBXBuildFile; fileRef = 51A260052440937D008DD31C /* ARDSettingsModel.m */; };
		51A2603E2440937D008DD31C /* CCCCTest.cpp in Sources */ = {isa = PBXBuildFile; fileRef = 51A260062440937D008DD31C /* CCCCTest.cpp */; };
		51A2603F2440937D008DD31C /* ARDStatsBuilder.m in Sources */ = {isa = PBXBuildFile; fileRef = 51A260072440937D008DD31C /* ARDStatsBuilder.m */; };
		51A260402440937D008DD31C /* ARDSignalingMessage.h in Headers */ = {isa = PBXBuildFile; fileRef = 51A260082440937D008DD31C /* ARDSignalingMessage.h */; };
		51A260412440937D008DD31C /* ARDMessageResponse.m in Sources */ = {isa = PBXBuildFile; fileRef = 51A260092440937D008DD31C /* ARDMessageResponse.m */; };
		51A260422440937D008DD31C /* ARDAppClient+Internal.h in Headers */ = {isa = PBXBuildFile; fileRef = 51A2600A2440937D008DD31C /* ARDAppClient+Internal.h */; };
		51A260432440937D008DD31C /* RTCSessionDescription+JSON.m in Sources */ = {isa = PBXBuildFile; fileRef = 51A2600B2440937D008DD31C /* RTCSessionDescription+JSON.m */; };
		51A260442440937D008DD31C /* RTCIceCandidate+JSON.m in Sources */ = {isa = PBXBuildFile; fileRef = 51A2600C2440937D008DD31C /* RTCIceCandidate+JSON.m */; };
		51A260452440937D008DD31C /* ARDExternalSampleCapturer.m in Sources */ = {isa = PBXBuildFile; fileRef = 51A2600D2440937D008DD31C /* ARDExternalSampleCapturer.m */; };
		51A260462440937D008DD31C /* RTCIceServer+JSON.h in Headers */ = {isa = PBXBuildFile; fileRef = 51A2600E2440937D008DD31C /* RTCIceServer+JSON.h */; };
		51A260472440937D008DD31C /* ARDAppClient.m in Sources */ = {isa = PBXBuildFile; fileRef = 51A2600F2440937D008DD31C /* ARDAppClient.m */; };
		51A260482440937D008DD31C /* ARDSettingsStore.m in Sources */ = {isa = PBXBuildFile; fileRef = 51A260102440937D008DD31C /* ARDSettingsStore.m */; };
		51A260492440937D008DD31C /* ARDAppEngineClient.h in Headers */ = {isa = PBXBuildFile; fileRef = 51A260112440937D008DD31C /* ARDAppEngineClient.h */; };
		51A2604A2440937D008DD31C /* RTCVideoCodecInfo+HumanReadable.m in Sources */ = {isa = PBXBuildFile; fileRef = 51A260122440937D008DD31C /* RTCVideoCodecInfo+HumanReadable.m */; };
		51A2604B2440937D008DD31C /* ARDBitrateTracker.m in Sources */ = {isa = PBXBuildFile; fileRef = 51A260132440937D008DD31C /* ARDBitrateTracker.m */; };
		51A2604C2440937D008DD31C /* SRWebSocket.m in Sources */ = {isa = PBXBuildFile; fileRef = 51A260162440937D008DD31C /* SRWebSocket.m */; };
		51A2604D2440937D008DD31C /* LICENSE in Resources */ = {isa = PBXBuildFile; fileRef = 51A260172440937D008DD31C /* LICENSE */; };
		51A2604E2440937D008DD31C /* SRWebSocket.h in Headers */ = {isa = PBXBuildFile; fileRef = 51A260182440937D008DD31C /* SRWebSocket.h */; };
		51F16AC82465A0E10078D65F /* LiveEB_IOS.framework in CopyFiles */ = {isa = PBXBuildFile; fileRef = 51A25FD32440931D008DD31C /* LiveEB_IOS.framework */; };
/* End PBXBuildFile section */

/* Begin PBXCopyFilesBuildPhase section */
		51F16AC72465A0C20078D65F /* CopyFiles */ = {
			isa = PBXCopyFilesBuildPhase;
			buildActionMask = 2147483647;
			dstPath = "$(SRCROOT)/../../Product";
			dstSubfolderSpec = 0;
			files = (
				51F16AC82465A0E10078D65F /* LiveEB_IOS.framework in CopyFiles */,
			);
			runOnlyForDeploymentPostprocessing = 0;
		};
/* End PBXCopyFilesBuildPhase section */

/* Begin PBXFileReference section */
		51A25FD32440931D008DD31C /* LiveEB_IOS.framework */ = {isa = PBXFileReference; explicitFileType = wrapper.framework; includeInIndex = 0; path = LiveEB_IOS.framework; sourceTree = BUILT_PRODUCTS_DIR; };
		51A25FD62440931D008DD31C /* LiveEB_IOS.h */ = {isa = PBXFileReference; lastKnownFileType = sourcecode.c.h; path = LiveEB_IOS.h; sourceTree = "<group>"; };
		51A25FD72440931D008DD31C /* Info.plist */ = {isa = PBXFileReference; lastKnownFileType = text.plist.xml; path = Info.plist; sourceTree = "<group>"; };
		51A25FDF2440937D008DD31C /* LiveEBVideoView.m */ = {isa = PBXFileReference; fileEncoding = 4; lastKnownFileType = sourcecode.c.objc; name = LiveEBVideoView.m; path = ../api/LiveEBVideoView.m; sourceTree = "<group>"; };
		51A25FE02440937D008DD31C /* LiveEBManager.h */ = {isa = PBXFileReference; fileEncoding = 4; lastKnownFileType = sourcecode.c.h; path = LiveEBManager.h; sourceTree = "<group>"; };
		51A25FE12440937D008DD31C /* LiveEBVideoView.h */ = {isa = PBXFileReference; fileEncoding = 4; lastKnownFileType = sourcecode.c.h; path = LiveEBVideoView.h; sourceTree = "<group>"; };
		51A25FE22440937D008DD31C /* LiveEBManager.m */ = {isa = PBXFileReference; fileEncoding = 4; lastKnownFileType = sourcecode.c.objc; name = LiveEBManager.m; path = ../api/LiveEBManager.m; sourceTree = "<group>"; };
		51A25FE42440937D008DD31C /* LiveEBAudioPlayer.m */ = {isa = PBXFileReference; fileEncoding = 4; lastKnownFileType = sourcecode.c.objc; path = LiveEBAudioPlayer.m; sourceTree = "<group>"; };
		51A25FE52440937D008DD31C /* ARDJoinResponse.h */ = {isa = PBXFileReference; fileEncoding = 4; lastKnownFileType = sourcecode.c.h; path = ARDJoinResponse.h; sourceTree = "<group>"; };
		51A25FE62440937D008DD31C /* ARDMessageResponse+Internal.h */ = {isa = PBXFileReference; fileEncoding = 4; lastKnownFileType = sourcecode.c.h; path = "ARDMessageResponse+Internal.h"; sourceTree = "<group>"; };
		51A25FE72440937D008DD31C /* ARDRoomServerClient.h */ = {isa = PBXFileReference; fileEncoding = 4; lastKnownFileType = sourcecode.c.h; path = ARDRoomServerClient.h; sourceTree = "<group>"; };
		51A25FE82440937D008DD31C /* ARDSettingsModel.h */ = {isa = PBXFileReference; fileEncoding = 4; lastKnownFileType = sourcecode.c.h; path = ARDSettingsModel.h; sourceTree = "<group>"; };
		51A25FE92440937D008DD31C /* ARDWebSocketChannel.h */ = {isa = PBXFileReference; fileEncoding = 4; lastKnownFileType = sourcecode.c.h; path = ARDWebSocketChannel.h; sourceTree = "<group>"; };
		51A25FEA2440937D008DD31C /* ARDTURNClient.h */ = {isa = PBXFileReference; fileEncoding = 4; lastKnownFileType = sourcecode.c.h; path = ARDTURNClient.h; sourceTree = "<group>"; };
		51A25FEB2440937D008DD31C /* ARDCaptureController.m */ = {isa = PBXFileReference; fileEncoding = 4; lastKnownFileType = sourcecode.c.objc; path = ARDCaptureController.m; sourceTree = "<group>"; };
		51A25FEC2440937D008DD31C /* RTCSessionDescription+JSON.h */ = {isa = PBXFileReference; fileEncoding = 4; lastKnownFileType = sourcecode.c.h; path = "RTCSessionDescription+JSON.h"; sourceTree = "<group>"; };
		51A25FED2440937D008DD31C /* ARDSignalingMessage.m */ = {isa = PBXFileReference; fileEncoding = 4; lastKnownFileType = sourcecode.c.objc; path = ARDSignalingMessage.m; sourceTree = "<group>"; };
		51A25FEE2440937D008DD31C /* ARDMessageResponse.h */ = {isa = PBXFileReference; fileEncoding = 4; lastKnownFileType = sourcecode.c.h; path = ARDMessageResponse.h; sourceTree = "<group>"; };
		51A25FEF2440937D008DD31C /* ARDStatsBuilder.h */ = {isa = PBXFileReference; fileEncoding = 4; lastKnownFileType = sourcecode.c.h; path = ARDStatsBuilder.h; sourceTree = "<group>"; };
		51A25FF02440937D008DD31C /* RTCVideoCodecInfo+HumanReadable.h */ = {isa = PBXFileReference; fileEncoding = 4; lastKnownFileType = sourcecode.c.h; path = "RTCVideoCodecInfo+HumanReadable.h"; sourceTree = "<group>"; };
		51A25FF12440937D008DD31C /* ARDBitrateTracker.h */ = {isa = PBXFileReference; fileEncoding = 4; lastKnownFileType = sourcecode.c.h; path = ARDBitrateTracker.h; sourceTree = "<group>"; };
		51A25FF22440937D008DD31C /* ARDSettingsStore.h */ = {isa = PBXFileReference; fileEncoding = 4; lastKnownFileType = sourcecode.c.h; path = ARDSettingsStore.h; sourceTree = "<group>"; };
		51A25FF32440937D008DD31C /* ARDAppEngineClient.m */ = {isa = PBXFileReference; fileEncoding = 4; lastKnownFileType = sourcecode.c.objc; path = ARDAppEngineClient.m; sourceTree = "<group>"; };
		51A25FF42440937D008DD31C /* ARDAppClient.h */ = {isa = PBXFileReference; fileEncoding = 4; lastKnownFileType = sourcecode.c.h; path = ARDAppClient.h; sourceTree = "<group>"; };
		51A25FF52440937D008DD31C /* RTCIceServer+JSON.m */ = {isa = PBXFileReference; fileEncoding = 4; lastKnownFileType = sourcecode.c.objc; path = "RTCIceServer+JSON.m"; sourceTree = "<group>"; };
		51A25FF62440937D008DD31C /* CCCCTest.hpp */ = {isa = PBXFileReference; fileEncoding = 4; lastKnownFileType = sourcecode.cpp.h; path = CCCCTest.hpp; sourceTree = "<group>"; };
		51A25FF72440937D008DD31C /* ARDExternalSampleCapturer.h */ = {isa = PBXFileReference; fileEncoding = 4; lastKnownFileType = sourcecode.c.h; path = ARDExternalSampleCapturer.h; sourceTree = "<group>"; };
		51A25FF82440937D008DD31C /* RTCIceCandidate+JSON.h */ = {isa = PBXFileReference; fileEncoding = 4; lastKnownFileType = sourcecode.c.h; path = "RTCIceCandidate+JSON.h"; sourceTree = "<group>"; };
		51A25FF92440937D008DD31C /* ARDSettingsModel+Private.h */ = {isa = PBXFileReference; fileEncoding = 4; lastKnownFileType = sourcecode.c.h; path = "ARDSettingsModel+Private.h"; sourceTree = "<group>"; };
		51A25FFB2440937D008DD31C /* ARDUtilities.m */ = {isa = PBXFileReference; fileEncoding = 4; lastKnownFileType = sourcecode.c.objc; path = ARDUtilities.m; sourceTree = "<group>"; };
		51A25FFC2440937D008DD31C /* ARDUtilities.h */ = {isa = PBXFileReference; fileEncoding = 4; lastKnownFileType = sourcecode.c.h; path = ARDUtilities.h; sourceTree = "<group>"; };
		51A25FFD2440937D008DD31C /* ARDJoinResponse.m */ = {isa = PBXFileReference; fileEncoding = 4; lastKnownFileType = sourcecode.c.objc; path = ARDJoinResponse.m; sourceTree = "<group>"; };
		51A25FFE2440937D008DD31C /* LiveEBAudioPlayer.h */ = {isa = PBXFileReference; fileEncoding = 4; lastKnownFileType = sourcecode.c.h; path = LiveEBAudioPlayer.h; sourceTree = "<group>"; };
		51A25FFF2440937D008DD31C /* ARDJoinResponse+Internal.h */ = {isa = PBXFileReference; fileEncoding = 4; lastKnownFileType = sourcecode.c.h; path = "ARDJoinResponse+Internal.h"; sourceTree = "<group>"; };
		51A260002440937D008DD31C /* ARDCaptureController.h */ = {isa = PBXFileReference; fileEncoding = 4; lastKnownFileType = sourcecode.c.h; path = ARDCaptureController.h; sourceTree = "<group>"; };
		51A260012440937D008DD31C /* ARDTURNClient.m */ = {isa = PBXFileReference; fileEncoding = 4; lastKnownFileType = sourcecode.c.objc; path = ARDTURNClient.m; sourceTree = "<group>"; };
		51A260022440937D008DD31C /* ARDSignalingChannel.h */ = {isa = PBXFileReference; fileEncoding = 4; lastKnownFileType = sourcecode.c.h; path = ARDSignalingChannel.h; sourceTree = "<group>"; };
		51A260032440937D008DD31C /* ARDWebSocketChannel.m */ = {isa = PBXFileReference; fileEncoding = 4; lastKnownFileType = sourcecode.c.objc; path = ARDWebSocketChannel.m; sourceTree = "<group>"; };
		51A260042440937D008DD31C /* ARDTURNClient+Internal.h */ = {isa = PBXFileReference; fileEncoding = 4; lastKnownFileType = sourcecode.c.h; path = "ARDTURNClient+Internal.h"; sourceTree = "<group>"; };
		51A260052440937D008DD31C /* ARDSettingsModel.m */ = {isa = PBXFileReference; fileEncoding = 4; lastKnownFileType = sourcecode.c.objc; path = ARDSettingsModel.m; sourceTree = "<group>"; };
		51A260062440937D008DD31C /* CCCCTest.cpp */ = {isa = PBXFileReference; fileEncoding = 4; lastKnownFileType = sourcecode.cpp.cpp; path = CCCCTest.cpp; sourceTree = "<group>"; };
		51A260072440937D008DD31C /* ARDStatsBuilder.m */ = {isa = PBXFileReference; fileEncoding = 4; lastKnownFileType = sourcecode.c.objc; path = ARDStatsBuilder.m; sourceTree = "<group>"; };
		51A260082440937D008DD31C /* ARDSignalingMessage.h */ = {isa = PBXFileReference; fileEncoding = 4; lastKnownFileType = sourcecode.c.h; path = ARDSignalingMessage.h; sourceTree = "<group>"; };
		51A260092440937D008DD31C /* ARDMessageResponse.m */ = {isa = PBXFileReference; fileEncoding = 4; lastKnownFileType = sourcecode.c.objc; path = ARDMessageResponse.m; sourceTree = "<group>"; };
		51A2600A2440937D008DD31C /* ARDAppClient+Internal.h */ = {isa = PBXFileReference; fileEncoding = 4; lastKnownFileType = sourcecode.c.h; path = "ARDAppClient+Internal.h"; sourceTree = "<group>"; };
		51A2600B2440937D008DD31C /* RTCSessionDescription+JSON.m */ = {isa = PBXFileReference; fileEncoding = 4; lastKnownFileType = sourcecode.c.objc; path = "RTCSessionDescription+JSON.m"; sourceTree = "<group>"; };
		51A2600C2440937D008DD31C /* RTCIceCandidate+JSON.m */ = {isa = PBXFileReference; fileEncoding = 4; lastKnownFileType = sourcecode.c.objc; path = "RTCIceCandidate+JSON.m"; sourceTree = "<group>"; };
		51A2600D2440937D008DD31C /* ARDExternalSampleCapturer.m */ = {isa = PBXFileReference; fileEncoding = 4; lastKnownFileType = sourcecode.c.objc; path = ARDExternalSampleCapturer.m; sourceTree = "<group>"; };
		51A2600E2440937D008DD31C /* RTCIceServer+JSON.h */ = {isa = PBXFileReference; fileEncoding = 4; lastKnownFileType = sourcecode.c.h; path = "RTCIceServer+JSON.h"; sourceTree = "<group>"; };
		51A2600F2440937D008DD31C /* ARDAppClient.m */ = {isa = PBXFileReference; fileEncoding = 4; lastKnownFileType = sourcecode.c.objc; path = ARDAppClient.m; sourceTree = "<group>"; };
		51A260102440937D008DD31C /* ARDSettingsStore.m */ = {isa = PBXFileReference; fileEncoding = 4; lastKnownFileType = sourcecode.c.objc; path = ARDSettingsStore.m; sourceTree = "<group>"; };
		51A260112440937D008DD31C /* ARDAppEngineClient.h */ = {isa = PBXFileReference; fileEncoding = 4; lastKnownFileType = sourcecode.c.h; path = ARDAppEngineClient.h; sourceTree = "<group>"; };
		51A260122440937D008DD31C /* RTCVideoCodecInfo+HumanReadable.m */ = {isa = PBXFileReference; fileEncoding = 4; lastKnownFileType = sourcecode.c.objc; path = "RTCVideoCodecInfo+HumanReadable.m"; sourceTree = "<group>"; };
		51A260132440937D008DD31C /* ARDBitrateTracker.m */ = {isa = PBXFileReference; fileEncoding = 4; lastKnownFileType = sourcecode.c.objc; path = ARDBitrateTracker.m; sourceTree = "<group>"; };
		51A260162440937D008DD31C /* SRWebSocket.m */ = {isa = PBXFileReference; fileEncoding = 4; lastKnownFileType = sourcecode.c.objc; path = SRWebSocket.m; sourceTree = "<group>"; };
		51A260172440937D008DD31C /* LICENSE */ = {isa = PBXFileReference; fileEncoding = 4; lastKnownFileType = text; path = LICENSE; sourceTree = "<group>"; };
		51A260182440937D008DD31C /* SRWebSocket.h */ = {isa = PBXFileReference; fileEncoding = 4; lastKnownFileType = sourcecode.c.h; path = SRWebSocket.h; sourceTree = "<group>"; };
/* End PBXFileReference section */

/* Begin PBXFrameworksBuildPhase section */
		51A25FD02440931D008DD31C /* Frameworks */ = {
			isa = PBXFrameworksBuildPhase;
			buildActionMask = 2147483647;
			files = (
			);
			runOnlyForDeploymentPostprocessing = 0;
		};
/* End PBXFrameworksBuildPhase section */

/* Begin PBXGroup section */
		51A25FC92440931D008DD31C = {
			isa = PBXGroup;
			children = (
				51A25FD52440931D008DD31C /* LiveEB_IOS */,
				51A25FD42440931D008DD31C /* Products */,
			);
			sourceTree = "<group>";
		};
		51A25FD42440931D008DD31C /* Products */ = {
			isa = PBXGroup;
			children = (
				51A25FD32440931D008DD31C /* LiveEB_IOS.framework */,
			);
			name = Products;
			sourceTree = "<group>";
		};
		51A25FD52440931D008DD31C /* LiveEB_IOS */ = {
			isa = PBXGroup;
			children = (
				51A25FDE2440937D008DD31C /* api */,
				51A25FE32440937D008DD31C /* src */,
				51A25FD62440931D008DD31C /* LiveEB_IOS.h */,
				51A25FD72440931D008DD31C /* Info.plist */,
			);
			path = LiveEB_IOS;
			sourceTree = "<group>";
		};
		51A25FDE2440937D008DD31C /* api */ = {
			isa = PBXGroup;
			children = (
				51A25FE02440937D008DD31C /* LiveEBManager.h */,
				51A25FE12440937D008DD31C /* LiveEBVideoView.h */,
			);
			path = api;
			sourceTree = "<group>";
		};
		51A25FE32440937D008DD31C /* src */ = {
			isa = PBXGroup;
			children = (
				51A260142440937D008DD31C /* third_party */,
				51A25FE22440937D008DD31C /* LiveEBManager.m */,
				51A25FDF2440937D008DD31C /* LiveEBVideoView.m */,
				51A25FE42440937D008DD31C /* LiveEBAudioPlayer.m */,
				51A25FE52440937D008DD31C /* ARDJoinResponse.h */,
				51A25FE62440937D008DD31C /* ARDMessageResponse+Internal.h */,
				51A25FE72440937D008DD31C /* ARDRoomServerClient.h */,
				51A25FE82440937D008DD31C /* ARDSettingsModel.h */,
				51A25FE92440937D008DD31C /* ARDWebSocketChannel.h */,
				51A25FEA2440937D008DD31C /* ARDTURNClient.h */,
				51A25FEB2440937D008DD31C /* ARDCaptureController.m */,
				51A25FEC2440937D008DD31C /* RTCSessionDescription+JSON.h */,
				51A25FED2440937D008DD31C /* ARDSignalingMessage.m */,
				51A25FEE2440937D008DD31C /* ARDMessageResponse.h */,
				51A25FEF2440937D008DD31C /* ARDStatsBuilder.h */,
				51A25FF02440937D008DD31C /* RTCVideoCodecInfo+HumanReadable.h */,
				51A25FF12440937D008DD31C /* ARDBitrateTracker.h */,
				51A25FF22440937D008DD31C /* ARDSettingsStore.h */,
				51A25FF32440937D008DD31C /* ARDAppEngineClient.m */,
				51A25FF42440937D008DD31C /* ARDAppClient.h */,
				51A25FF52440937D008DD31C /* RTCIceServer+JSON.m */,
				51A25FF62440937D008DD31C /* CCCCTest.hpp */,
				51A25FF72440937D008DD31C /* ARDExternalSampleCapturer.h */,
				51A25FF82440937D008DD31C /* RTCIceCandidate+JSON.h */,
				51A25FF92440937D008DD31C /* ARDSettingsModel+Private.h */,
				51A25FFA2440937D008DD31C /* common */,
				51A25FFD2440937D008DD31C /* ARDJoinResponse.m */,
				51A25FFE2440937D008DD31C /* LiveEBAudioPlayer.h */,
				51A25FFF2440937D008DD31C /* ARDJoinResponse+Internal.h */,
				51A260002440937D008DD31C /* ARDCaptureController.h */,
				51A260012440937D008DD31C /* ARDTURNClient.m */,
				51A260022440937D008DD31C /* ARDSignalingChannel.h */,
				51A260032440937D008DD31C /* ARDWebSocketChannel.m */,
				51A260042440937D008DD31C /* ARDTURNClient+Internal.h */,
				51A260052440937D008DD31C /* ARDSettingsModel.m */,
				51A260062440937D008DD31C /* CCCCTest.cpp */,
				51A260072440937D008DD31C /* ARDStatsBuilder.m */,
				51A260082440937D008DD31C /* ARDSignalingMessage.h */,
				51A260092440937D008DD31C /* ARDMessageResponse.m */,
				51A2600A2440937D008DD31C /* ARDAppClient+Internal.h */,
				51A2600B2440937D008DD31C /* RTCSessionDescription+JSON.m */,
				51A2600C2440937D008DD31C /* RTCIceCandidate+JSON.m */,
				51A2600D2440937D008DD31C /* ARDExternalSampleCapturer.m */,
				51A2600E2440937D008DD31C /* RTCIceServer+JSON.h */,
				51A2600F2440937D008DD31C /* ARDAppClient.m */,
				51A260102440937D008DD31C /* ARDSettingsStore.m */,
				51A260112440937D008DD31C /* ARDAppEngineClient.h */,
				51A260122440937D008DD31C /* RTCVideoCodecInfo+HumanReadable.m */,
				51A260132440937D008DD31C /* ARDBitrateTracker.m */,
			);
			path = src;
			sourceTree = "<group>";
		};
		51A25FFA2440937D008DD31C /* common */ = {
			isa = PBXGroup;
			children = (
				51A25FFB2440937D008DD31C /* ARDUtilities.m */,
				51A25FFC2440937D008DD31C /* ARDUtilities.h */,
			);
			path = common;
			sourceTree = "<group>";
		};
		51A260142440937D008DD31C /* third_party */ = {
			isa = PBXGroup;
			children = (
				51A260152440937D008DD31C /* SocketRocket */,
			);
			path = third_party;
			sourceTree = "<group>";
		};
		51A260152440937D008DD31C /* SocketRocket */ = {
			isa = PBXGroup;
			children = (
				51A260162440937D008DD31C /* SRWebSocket.m */,
				51A260172440937D008DD31C /* LICENSE */,
				51A260182440937D008DD31C /* SRWebSocket.h */,
			);
			path = SocketRocket;
			sourceTree = "<group>";
		};
/* End PBXGroup section */

/* Begin PBXHeadersBuildPhase section */
		51A25FCE2440931D008DD31C /* Headers */ = {
			isa = PBXHeadersBuildPhase;
			buildActionMask = 2147483647;
			files = (
				51A25FD82440931D008DD31C /* LiveEB_IOS.h in Headers */,
				51A2601A2440937D008DD31C /* LiveEBManager.h in Headers */,
				51A2601B2440937D008DD31C /* LiveEBVideoView.h in Headers */,
				51A2602A2440937D008DD31C /* ARDBitrateTracker.h in Headers */,
				51A2601E2440937D008DD31C /* ARDJoinResponse.h in Headers */,
				51A260382440937D008DD31C /* ARDCaptureController.h in Headers */,
				51A2603A2440937D008DD31C /* ARDSignalingChannel.h in Headers */,
				51A2604E2440937D008DD31C /* SRWebSocket.h in Headers */,
				51A260492440937D008DD31C /* ARDAppEngineClient.h in Headers */,
				51A260372440937D008DD31C /* ARDJoinResponse+Internal.h in Headers */,
				51A2602B2440937D008DD31C /* ARDSettingsStore.h in Headers */,
				51A260272440937D008DD31C /* ARDMessageResponse.h in Headers */,
				51A260422440937D008DD31C /* ARDAppClient+Internal.h in Headers */,
				51A260222440937D008DD31C /* ARDWebSocketChannel.h in Headers */,
				51A2603C2440937D008DD31C /* ARDTURNClient+Internal.h in Headers */,
				51A260232440937D008DD31C /* ARDTURNClient.h in Headers */,
				51A260462440937D008DD31C /* RTCIceServer+JSON.h in Headers */,
				51A260322440937D008DD31C /* ARDSettingsModel+Private.h in Headers */,
				51A260342440937D008DD31C /* ARDUtilities.h in Headers */,
				51A260212440937D008DD31C /* ARDSettingsModel.h in Headers */,
				51A2602F2440937D008DD31C /* CCCCTest.hpp in Headers */,
				51A260252440937D008DD31C /* RTCSessionDescription+JSON.h in Headers */,
				51A260362440937D008DD31C /* LiveEBAudioPlayer.h in Headers */,
				51A260302440937D008DD31C /* ARDExternalSampleCapturer.h in Headers */,
				51A260402440937D008DD31C /* ARDSignalingMessage.h in Headers */,
				51A260292440937D008DD31C /* RTCVideoCodecInfo+HumanReadable.h in Headers */,
				51A2602D2440937D008DD31C /* ARDAppClient.h in Headers */,
				51A260312440937D008DD31C /* RTCIceCandidate+JSON.h in Headers */,
				51A260282440937D008DD31C /* ARDStatsBuilder.h in Headers */,
				51A2601F2440937D008DD31C /* ARDMessageResponse+Internal.h in Headers */,
				51A260202440937D008DD31C /* ARDRoomServerClient.h in Headers */,
			);
			runOnlyForDeploymentPostprocessing = 0;
		};
/* End PBXHeadersBuildPhase section */

/* Begin PBXNativeTarget section */
		51A25FD22440931D008DD31C /* LiveEB_IOS */ = {
			isa = PBXNativeTarget;
			buildConfigurationList = 51A25FDB2440931D008DD31C /* Build configuration list for PBXNativeTarget "LiveEB_IOS" */;
			buildPhases = (
				51A25FCE2440931D008DD31C /* Headers */,
				51A25FCF2440931D008DD31C /* Sources */,
				51A25FD02440931D008DD31C /* Frameworks */,
				51A25FD12440931D008DD31C /* Resources */,
				51F16AC624659F8B0078D65F /* ShellScript */,
				51F16AC72465A0C20078D65F /* CopyFiles */,
			);
			buildRules = (
			);
			dependencies = (
			);
			name = LiveEB_IOS;
			productName = LiveEB_IOS;
			productReference = 51A25FD32440931D008DD31C /* LiveEB_IOS.framework */;
			productType = "com.apple.product-type.framework";
		};
/* End PBXNativeTarget section */

/* Begin PBXProject section */
		51A25FCA2440931D008DD31C /* Project object */ = {
			isa = PBXProject;
			attributes = {
				LastUpgradeCheck = 1140;
				ORGANIZATIONNAME = ts;
				TargetAttributes = {
					51A25FD22440931D008DD31C = {
						CreatedOnToolsVersion = 11.4;
					};
				};
			};
			buildConfigurationList = 51A25FCD2440931D008DD31C /* Build configuration list for PBXProject "LiveEB_IOS" */;
			compatibilityVersion = "Xcode 9.3";
			developmentRegion = en;
			hasScannedForEncodings = 0;
			knownRegions = (
				en,
				Base,
			);
			mainGroup = 51A25FC92440931D008DD31C;
			productRefGroup = 51A25FD42440931D008DD31C /* Products */;
			projectDirPath = "";
			projectRoot = "";
			targets = (
				51A25FD22440931D008DD31C /* LiveEB_IOS */,
			);
		};
/* End PBXProject section */

/* Begin PBXResourcesBuildPhase section */
		51A25FD12440931D008DD31C /* Resources */ = {
			isa = PBXResourcesBuildPhase;
			buildActionMask = 2147483647;
			files = (
				51A2604D2440937D008DD31C /* LICENSE in Resources */,
			);
			runOnlyForDeploymentPostprocessing = 0;
		};
/* End PBXResourcesBuildPhase section */

/* Begin PBXShellScriptBuildPhase section */
		51F16AC624659F8B0078D65F /* ShellScript */ = {
			isa = PBXShellScriptBuildPhase;
			buildActionMask = 2147483647;
			files = (
			);
			inputFileListPaths = (
			);
			inputPaths = (
			);
			outputFileListPaths = (
			);
			outputPaths = (
			);
			runOnlyForDeploymentPostprocessing = 0;
			shellPath = /bin/sh;
			shellScript = "# Type a script or drag a script file from your workspace to insert its path.\n\n# Type a script or drag a script file from your workspace to insert its path.\ncd ${PROJECT_DIR}/\necho pwd=`pwd`\necho SRCROOT=$(SRCROOT)\ncd ..\ncd ..\ncd Product\n echo \"ffdsaf\" `pwd`\nif [ -f ./Release-iphoneos/LiveEB_IOS.framework/LiveEB_IOS ]; then\n    echo \"AAAAAAAA\"\nfi\n\n";
		};
/* End PBXShellScriptBuildPhase section */

/* Begin PBXSourcesBuildPhase section */
		51A25FCF2440931D008DD31C /* Sources */ = {
			isa = PBXSourcesBuildPhase;
			buildActionMask = 2147483647;
			files = (
				51A2604B2440937D008DD31C /* ARDBitrateTracker.m in Sources */,
				51A2602C2440937D008DD31C /* ARDAppEngineClient.m in Sources */,
				51A2603E2440937D008DD31C /* CCCCTest.cpp in Sources */,
				51A260452440937D008DD31C /* ARDExternalSampleCapturer.m in Sources */,
				51A260262440937D008DD31C /* ARDSignalingMessage.m in Sources */,
				51A2603F2440937D008DD31C /* ARDStatsBuilder.m in Sources */,
				51A260412440937D008DD31C /* ARDMessageResponse.m in Sources */,
				51A2603D2440937D008DD31C /* ARDSettingsModel.m in Sources */,
				51A2602E2440937D008DD31C /* RTCIceServer+JSON.m in Sources */,
				51A260242440937D008DD31C /* ARDCaptureController.m in Sources */,
				51A2603B2440937D008DD31C /* ARDWebSocketChannel.m in Sources */,
				51A260442440937D008DD31C /* RTCIceCandidate+JSON.m in Sources */,
				51A2604A2440937D008DD31C /* RTCVideoCodecInfo+HumanReadable.m in Sources */,
				51A260472440937D008DD31C /* ARDAppClient.m in Sources */,
				51A260332440937D008DD31C /* ARDUtilities.m in Sources */,
				51A2601C2440937D008DD31C /* LiveEBManager.m in Sources */,
				51A260192440937D008DD31C /* LiveEBVideoView.m in Sources */,
				51A260392440937D008DD31C /* ARDTURNClient.m in Sources */,
				51A260432440937D008DD31C /* RTCSessionDescription+JSON.m in Sources */,
				51A260352440937D008DD31C /* ARDJoinResponse.m in Sources */,
				51A2604C2440937D008DD31C /* SRWebSocket.m in Sources */,
				51A260482440937D008DD31C /* ARDSettingsStore.m in Sources */,
				51A2601D2440937D008DD31C /* LiveEBAudioPlayer.m in Sources */,
			);
			runOnlyForDeploymentPostprocessing = 0;
		};
/* End PBXSourcesBuildPhase section */

/* Begin XCBuildConfiguration section */
		51A25FD92440931D008DD31C /* Debug */ = {
			isa = XCBuildConfiguration;
			buildSettings = {
				ALWAYS_SEARCH_USER_PATHS = NO;
				CLANG_ANALYZER_NONNULL = YES;
				CLANG_ANALYZER_NUMBER_OBJECT_CONVERSION = YES_AGGRESSIVE;
				CLANG_CXX_LANGUAGE_STANDARD = "gnu++14";
				CLANG_CXX_LIBRARY = "libc++";
				CLANG_ENABLE_MODULES = YES;
				CLANG_ENABLE_OBJC_ARC = YES;
				CLANG_ENABLE_OBJC_WEAK = YES;
				CLANG_WARN_BLOCK_CAPTURE_AUTORELEASING = YES;
				CLANG_WARN_BOOL_CONVERSION = YES;
				CLANG_WARN_COMMA = YES;
				CLANG_WARN_CONSTANT_CONVERSION = YES;
				CLANG_WARN_DEPRECATED_OBJC_IMPLEMENTATIONS = YES;
				CLANG_WARN_DIRECT_OBJC_ISA_USAGE = YES_ERROR;
				CLANG_WARN_DOCUMENTATION_COMMENTS = YES;
				CLANG_WARN_EMPTY_BODY = YES;
				CLANG_WARN_ENUM_CONVERSION = YES;
				CLANG_WARN_INFINITE_RECURSION = YES;
				CLANG_WARN_INT_CONVERSION = YES;
				CLANG_WARN_NON_LITERAL_NULL_CONVERSION = YES;
				CLANG_WARN_OBJC_IMPLICIT_RETAIN_SELF = YES;
				CLANG_WARN_OBJC_LITERAL_CONVERSION = YES;
				CLANG_WARN_OBJC_ROOT_CLASS = YES_ERROR;
				CLANG_WARN_RANGE_LOOP_ANALYSIS = YES;
				CLANG_WARN_STRICT_PROTOTYPES = YES;
				CLANG_WARN_SUSPICIOUS_MOVE = YES;
				CLANG_WARN_UNGUARDED_AVAILABILITY = YES_AGGRESSIVE;
				CLANG_WARN_UNREACHABLE_CODE = YES;
				CLANG_WARN__DUPLICATE_METHOD_MATCH = YES;
				COPY_PHASE_STRIP = NO;
				CURRENT_PROJECT_VERSION = 1;
				DEBUG_INFORMATION_FORMAT = dwarf;
				ENABLE_STRICT_OBJC_MSGSEND = YES;
				ENABLE_TESTABILITY = YES;
				GCC_C_LANGUAGE_STANDARD = gnu11;
				GCC_DYNAMIC_NO_PIC = NO;
				GCC_NO_COMMON_BLOCKS = YES;
				GCC_OPTIMIZATION_LEVEL = 0;
				GCC_PREPROCESSOR_DEFINITIONS = (
					"DEBUG=1",
					"$(inherited)",
				);
				GCC_WARN_64_TO_32_BIT_CONVERSION = YES;
				GCC_WARN_ABOUT_RETURN_TYPE = YES_ERROR;
				GCC_WARN_UNDECLARED_SELECTOR = YES;
				GCC_WARN_UNINITIALIZED_AUTOS = YES_AGGRESSIVE;
				GCC_WARN_UNUSED_FUNCTION = YES;
				GCC_WARN_UNUSED_VARIABLE = YES;
				IPHONEOS_DEPLOYMENT_TARGET = 13.4;
				MTL_ENABLE_DEBUG_INFO = INCLUDE_SOURCE;
				MTL_FAST_MATH = YES;
				ONLY_ACTIVE_ARCH = YES;
				SDKROOT = iphoneos;
				VERSIONING_SYSTEM = "apple-generic";
				VERSION_INFO_PREFIX = "";
			};
			name = Debug;
		};
		51A25FDA2440931D008DD31C /* Release */ = {
			isa = XCBuildConfiguration;
			buildSettings = {
				ALWAYS_SEARCH_USER_PATHS = NO;
				CLANG_ANALYZER_NONNULL = YES;
				CLANG_ANALYZER_NUMBER_OBJECT_CONVERSION = YES_AGGRESSIVE;
				CLANG_CXX_LANGUAGE_STANDARD = "gnu++14";
				CLANG_CXX_LIBRARY = "libc++";
				CLANG_ENABLE_MODULES = YES;
				CLANG_ENABLE_OBJC_ARC = YES;
				CLANG_ENABLE_OBJC_WEAK = YES;
				CLANG_WARN_BLOCK_CAPTURE_AUTORELEASING = YES;
				CLANG_WARN_BOOL_CONVERSION = YES;
				CLANG_WARN_COMMA = YES;
				CLANG_WARN_CONSTANT_CONVERSION = YES;
				CLANG_WARN_DEPRECATED_OBJC_IMPLEMENTATIONS = YES;
				CLANG_WARN_DIRECT_OBJC_ISA_USAGE = YES_ERROR;
				CLANG_WARN_DOCUMENTATION_COMMENTS = YES;
				CLANG_WARN_EMPTY_BODY = YES;
				CLANG_WARN_ENUM_CONVERSION = YES;
				CLANG_WARN_INFINITE_RECURSION = YES;
				CLANG_WARN_INT_CONVERSION = YES;
				CLANG_WARN_NON_LITERAL_NULL_CONVERSION = YES;
				CLANG_WARN_OBJC_IMPLICIT_RETAIN_SELF = YES;
				CLANG_WARN_OBJC_LITERAL_CONVERSION = YES;
				CLANG_WARN_OBJC_ROOT_CLASS = YES_ERROR;
				CLANG_WARN_RANGE_LOOP_ANALYSIS = YES;
				CLANG_WARN_STRICT_PROTOTYPES = YES;
				CLANG_WARN_SUSPICIOUS_MOVE = YES;
				CLANG_WARN_UNGUARDED_AVAILABILITY = YES_AGGRESSIVE;
				CLANG_WARN_UNREACHABLE_CODE = YES;
				CLANG_WARN__DUPLICATE_METHOD_MATCH = YES;
				COPY_PHASE_STRIP = NO;
				CURRENT_PROJECT_VERSION = 1;
				DEBUG_INFORMATION_FORMAT = "dwarf-with-dsym";
				ENABLE_NS_ASSERTIONS = NO;
				ENABLE_STRICT_OBJC_MSGSEND = YES;
				GCC_C_LANGUAGE_STANDARD = gnu11;
				GCC_NO_COMMON_BLOCKS = YES;
				GCC_WARN_64_TO_32_BIT_CONVERSION = YES;
				GCC_WARN_ABOUT_RETURN_TYPE = YES_ERROR;
				GCC_WARN_UNDECLARED_SELECTOR = YES;
				GCC_WARN_UNINITIALIZED_AUTOS = YES_AGGRESSIVE;
				GCC_WARN_UNUSED_FUNCTION = YES;
				GCC_WARN_UNUSED_VARIABLE = YES;
				IPHONEOS_DEPLOYMENT_TARGET = 13.4;
				MTL_ENABLE_DEBUG_INFO = NO;
				MTL_FAST_MATH = YES;
				SDKROOT = iphoneos;
				VALIDATE_PRODUCT = YES;
				VERSIONING_SYSTEM = "apple-generic";
				VERSION_INFO_PREFIX = "";
			};
			name = Release;
		};
		51A25FDC2440931D008DD31C /* Debug */ = {
			isa = XCBuildConfiguration;
			buildSettings = {
				CODE_SIGN_STYLE = Automatic;
				DEFINES_MODULE = YES;
				DYLIB_COMPATIBILITY_VERSION = 1;
				DYLIB_CURRENT_VERSION = 1;
				DYLIB_INSTALL_NAME_BASE = "@rpath";
				ENABLE_BITCODE = NO;
				FRAMEWORK_SEARCH_PATHS = (
					"$(inherited)",
					"$(PROJECT_DIR)",
				);
				INFOPLIST_FILE = LiveEB_IOS/Info.plist;
				INSTALL_PATH = "$(LOCAL_LIBRARY_DIR)/Frameworks";
				IPHONEOS_DEPLOYMENT_TARGET = 9.0;
				LD_RUNPATH_SEARCH_PATHS = (
					"$(inherited)",
					"@executable_path/Frameworks",
					"@loader_path/Frameworks",
				);
				PRODUCT_BUNDLE_IDENTIFIER = "com.ts.LiveEB-IOS";
				PRODUCT_NAME = "$(TARGET_NAME:c99extidentifier)";
				SKIP_INSTALL = YES;
				TARGETED_DEVICE_FAMILY = "1,2";
				VALID_ARCHS = "arm64 arm64e armv7 armv7s";
			};
			name = Debug;
		};
		51A25FDD2440931D008DD31C /* Release */ = {
			isa = XCBuildConfiguration;
			buildSettings = {
				CODE_SIGN_STYLE = Automatic;
				DEFINES_MODULE = YES;
				DYLIB_COMPATIBILITY_VERSION = 1;
				DYLIB_CURRENT_VERSION = 1;
				DYLIB_INSTALL_NAME_BASE = "@rpath";
				ENABLE_BITCODE = NO;
				FRAMEWORK_SEARCH_PATHS = (
					"$(inherited)",
					"$(PROJECT_DIR)",
				);
				INFOPLIST_FILE = LiveEB_IOS/Info.plist;
				INSTALL_PATH = "$(LOCAL_LIBRARY_DIR)/Frameworks";
				IPHONEOS_DEPLOYMENT_TARGET = 9.0;
				LD_RUNPATH_SEARCH_PATHS = (
					"$(inherited)",
					"@executable_path/Frameworks",
					"@loader_path/Frameworks",
				);
				PRODUCT_BUNDLE_IDENTIFIER = "com.ts.LiveEB-IOS";
				PRODUCT_NAME = "$(TARGET_NAME:c99extidentifier)";
				SKIP_INSTALL = YES;
				TARGETED_DEVICE_FAMILY = "1,2";
				VALID_ARCHS = "arm64 arm64e armv7 armv7s";
			};
			name = Release;
		};
/* End XCBuildConfiguration section */

/* Begin XCConfigurationList section */
		51A25FCD2440931D008DD31C /* Build configuration list for PBXProject "LiveEB_IOS" */ = {
			isa = XCConfigurationList;
			buildConfigurations = (
				51A25FD92440931D008DD31C /* Debug */,
				51A25FDA2440931D008DD31C /* Release */,
			);
			defaultConfigurationIsVisible = 0;
			defaultConfigurationName = Release;
		};
		51A25FDB2440931D008DD31C /* Build configuration list for PBXNativeTarget "LiveEB_IOS" */ = {
			isa = XCConfigurationList;
			buildConfigurations = (
				51A25FDC2440931D008DD31C /* Debug */,
				51A25FDD2440931D008DD31C /* Release */,
			);
			defaultConfigurationIsVisible = 0;
			defaultConfigurationName = Release;
		};
/* End XCConfigurationList section */
	};
	rootObject = 51A25FCA2440931D008DD31C /* Project object */;
}
